
Microsoft Visual Studio Solution File, Format Version 12.00
# Visual Studio Version 16
VisualStudioVersion = 16.0.29201.188
MinimumVisualStudioVersion = 10.0.40219.1
Project("{FAE04EC0-301F-11D3-BF4B-00C04F79EFBC}") = "aulaxform.Android", "aulaxform.Android\aulaxform.Android.csproj", "{68AA5248-DDEC-4D29-906E-A0D91337B035}"
EndProject
Project("{FAE04EC0-301F-11D3-BF4B-00C04F79EFBC}") = "aulaxform.iOS", "aulaxform.iOS\aulaxform.iOS.csproj", "{D9C96BC7-E6AF-446E-A88F-A7B2AC86F0F5}"
EndProject
Project("{FAE04EC0-301F-11D3-BF4B-00C04F79EFBC}") = "aulaxform", "aulaxform\aulaxform.csproj", "{78ABBD7C-58CC-49B0-BDD7-122B9A047EE7}"
EndProject
Global
	GlobalSection(SolutionConfigurationPlatforms) = preSolution
		Debug|Any CPU = Debug|Any CPU
		Debug|iPhone = Debug|iPhone
		Debug|iPhoneSimulator = Debug|iPhoneSimulator
		Release|Any CPU = Release|Any CPU
		Release|iPhone = Release|iPhone
		Release|iPhoneSimulator = Release|iPhoneSimulator
	EndGlobalSection
	GlobalSection(ProjectConfigurationPlatforms) = postSolution
		{68AA5248-DDEC-4D29-906E-A0D91337B035}.Debug|Any CPU.ActiveCfg = Debug|Any CPU
		{68AA5248-DDEC-4D29-906E-A0D91337B035}.Debug|Any CPU.Build.0 = Debug|Any CPU
		{68AA5248-DDEC-4D29-906E-A0D91337B035}.Debug|Any CPU.Deploy.0 = Debug|Any CPU
		{68AA5248-DDEC-4D29-906E-A0D91337B035}.Debug|iPhone.ActiveCfg = Debug|Any CPU
		{68AA5248-DDEC-4D29-906E-A0D91337B035}.Debug|iPhone.Build.0 = Debug|Any CPU
		{68AA5248-DDEC-4D29-906E-A0D91337B035}.Debug|iPhone.Deploy.0 = Debug|Any CPU
		{68AA5248-DDEC-4D29-906E-A0D91337B035}.Debug|iPhoneSimulator.ActiveCfg = Debug|Any CPU
		{68AA5248-DDEC-4D29-906E-A0D91337B035}.Debug|iPhoneSimulator.Build.0 = Debug|Any CPU
		{68AA5248-DDEC-4D29-906E-A0D91337B035}.Debug|iPhoneSimulator.Deploy.0 = Debug|Any CPU
		{68AA5248-DDEC-4D29-906E-A0D91337B035}.Release|Any CPU.ActiveCfg = Release|Any CPU
		{68AA5248-DDEC-4D29-906E-A0D91337B035}.Release|Any CPU.Build.0 = Release|Any CPU
		{68AA5248-DDEC-4D29-906E-A0D91337B035}.Release|Any CPU.Deploy.0 = Release|Any CPU
		{68AA5248-DDEC-4D29-906E-A0D91337B035}.Release|iPhone.ActiveCfg = Release|Any CPU
		{68AA5248-DDEC-4D29-906E-A0D91337B035}.Release|iPhone.Build.0 = Release|Any CPU
		{68AA5248-DDEC-4D29-906E-A0D91337B035}.Release|iPhone.Deploy.0 = Release|Any CPU
		{68AA5248-DDEC-4D29-906E-A0D91337B035}.Release|iPhoneSimulator.ActiveCfg = Release|Any CPU
		{68AA5248-DDEC-4D29-906E-A0D91337B035}.Release|iPhoneSimulator.Build.0 = Release|Any CPU
		{68AA5248-DDEC-4D29-906E-A0D91337B035}.Release|iPhoneSimulator.Deploy.0 = Release|Any CPU
		{D9C96BC7-E6AF-446E-A88F-A7B2AC86F0F5}.Debug|Any CPU.ActiveCfg = Debug|iPhoneSimulator
		{D9C96BC7-E6AF-446E-A88F-A7B2AC86F0F5}.Debug|Any CPU.Build.0 = Debug|iPhoneSimulator
		{D9C96BC7-E6AF-446E-A88F-A7B2AC86F0F5}.Debug|Any CPU.Deploy.0 = Debug|iPhoneSimulator
		{D9C96BC7-E6AF-446E-A88F-A7B2AC86F0F5}.Debug|iPhone.ActiveCfg = Debug|iPhone
		{D9C96BC7-E6AF-446E-A88F-A7B2AC86F0F5}.Debug|iPhone.Build.0 = Debug|iPhone
		{D9C96BC7-E6AF-446E-A88F-A7B2AC86F0F5}.Debug|iPhone.Deploy.0 = Debug|iPhone
		{D9C96BC7-E6AF-446E-A88F-A7B2AC86F0F5}.Debug|iPhoneSimulator.ActiveCfg = Debug|iPhoneSimulator
		{D9C96BC7-E6AF-446E-A88F-A7B2AC86F0F5}.Debug|iPhoneSimulator.Build.0 = Debug|iPhoneSimulator
		{D9C96BC7-E6AF-446E-A88F-A7B2AC86F0F5}.Debug|iPhoneSimulator.Deploy.0 = Debug|iPhoneSimulator
		{D9C96BC7-E6AF-446E-A88F-A7B2AC86F0F5}.Release|Any CPU.ActiveCfg = Release|iPhone
		{D9C96BC7-E6AF-446E-A88F-A7B2AC86F0F5}.Release|Any CPU.Build.0 = Release|iPhone
		{D9C96BC7-E6AF-446E-A88F-A7B2AC86F0F5}.Release|Any CPU.Deploy.0 = Release|iPhone
		{D9C96BC7-E6AF-446E-A88F-A7B2AC86F0F5}.Release|iPhone.ActiveCfg = Release|iPhone
		{D9C96BC7-E6AF-446E-A88F-A7B2AC86F0F5}.Release|iPhone.Build.0 = Release|iPhone
		{D9C96BC7-E6AF-446E-A88F-A7B2AC86F0F5}.Release|iPhone.Deploy.0 = Release|iPhone
		{D9C96BC7-E6AF-446E-A88F-A7B2AC86F0F5}.Release|iPhoneSimulator.ActiveCfg = Release|iPhoneSimulator
		{D9C96BC7-E6AF-446E-A88F-A7B2AC86F0F5}.Release|iPhoneSimulator.Build.0 = Release|iPhoneSimulator
		{D9C96BC7-E6AF-446E-A88F-A7B2AC86F0F5}.Release|iPhoneSimulator.Deploy.0 = Release|iPhoneSimulator
		{78ABBD7C-58CC-49B0-BDD7-122B9A047EE7}.Debug|Any CPU.ActiveCfg = Debug|Any CPU
		{78ABBD7C-58CC-49B0-BDD7-122B9A047EE7}.Debug|Any CPU.Build.0 = Debug|Any CPU
		{78ABBD7C-58CC-49B0-BDD7-122B9A047EE7}.Debug|Any CPU.Deploy.0 = Debug|Any CPU
		{78ABBD7C-58CC-49B0-BDD7-122B9A047EE7}.Debug|iPhone.ActiveCfg = Debug|Any CPU
		{78ABBD7C-58CC-49B0-BDD7-122B9A047EE7}.Debug|iPhone.Build.0 = Debug|Any CPU
		{78ABBD7C-58CC-49B0-BDD7-122B9A047EE7}.Debug|iPhone.Deploy.0 = Debug|Any CPU
		{78ABBD7C-58CC-49B0-BDD7-122B9A047EE7}.Debug|iPhoneSimulator.ActiveCfg = Debug|Any CPU
		{78ABBD7C-58CC-49B0-BDD7-122B9A047EE7}.Debug|iPhoneSimulator.Build.0 = Debug|Any CPU
		{78ABBD7C-58CC-49B0-BDD7-122B9A047EE7}.Debug|iPhoneSimulator.Deploy.0 = Debug|Any CPU
		{78ABBD7C-58CC-49B0-BDD7-122B9A047EE7}.Release|Any CPU.ActiveCfg = Release|Any CPU
		{78ABBD7C-58CC-49B0-BDD7-122B9A047EE7}.Release|Any CPU.Build.0 = Release|Any CPU
		{78ABBD7C-58CC-49B0-BDD7-122B9A047EE7}.Release|Any CPU.Deploy.0 = Release|Any CPU
		{78ABBD7C-58CC-49B0-BDD7-122B9A047EE7}.Release|iPhone.ActiveCfg = Release|Any CPU
		{78ABBD7C-58CC-49B0-BDD7-122B9A047EE7}.Release|iPhone.Build.0 = Release|Any CPU
		{78ABBD7C-58CC-49B0-BDD7-122B9A047EE7}.Release|iPhone.Deploy.0 = Release|Any CPU
		{78ABBD7C-58CC-49B0-BDD7-122B9A047EE7}.Release|iPhoneSimulator.ActiveCfg = Release|Any CPU
		{78ABBD7C-58CC-49B0-BDD7-122B9A047EE7}.Release|iPhoneSimulator.Build.0 = Release|Any CPU
		{78ABBD7C-58CC-49B0-BDD7-122B9A047EE7}.Release|iPhoneSimulator.Deploy.0 = Release|Any CPU
	EndGlobalSection
	GlobalSection(SolutionProperties) = preSolution
		HideSolutionNode = FALSE
	EndGlobalSection
	GlobalSection(ExtensibilityGlobals) = postSolution
		SolutionGuid = {772A369A-FEB4-4C9E-B736-C42144D52C49}
	EndGlobalSection
EndGlobal
